
Microsoft Visual Studio Solution File, Format Version 12.00
# Visual Studio 2013
VisualStudioVersion = 12.0.40629.0
MinimumVisualStudioVersion = 10.0.40219.1
Project("{FAE04EC0-301F-11D3-BF4B-00C04F79EFBC}") = "Loupe.Agent.Web.Module", "Src\Loupe.Agent.Web.Module\Loupe.Agent.Web.Module.csproj", "{EA8936C9-44C3-4766-A515-E75A12B7F2C1}"
EndProject
Project("{FAE04EC0-301F-11D3-BF4B-00C04F79EFBC}") = "Loupe.Agent.Web.Module.WebApiTest", "Src\Loupe.Agent.Web.Module.WebApiTest\Loupe.Agent.Web.Module.WebApiTest.csproj", "{ABE20997-E74F-4141-8C90-998C829D8460}"
EndProject
Project("{FAE04EC0-301F-11D3-BF4B-00C04F79EFBC}") = "Loupe.Agent.Web.Module.Tests", "Src\Loupe.Agent.Web.Module.Tests\Loupe.Agent.Web.Module.Tests.csproj", "{4E7FB470-DE50-4F84-A919-9B305A7CE6C1}"
EndProject
Global
	GlobalSection(SolutionConfigurationPlatforms) = preSolution
		Debug|Any CPU = Debug|Any CPU
		Release|Any CPU = Release|Any CPU
	EndGlobalSection
	GlobalSection(ProjectConfigurationPlatforms) = postSolution
		{EA8936C9-44C3-4766-A515-E75A12B7F2C1}.Debug|Any CPU.ActiveCfg = Debug|Any CPU
		{EA8936C9-44C3-4766-A515-E75A12B7F2C1}.Debug|Any CPU.Build.0 = Debug|Any CPU
		{EA8936C9-44C3-4766-A515-E75A12B7F2C1}.Release|Any CPU.ActiveCfg = Release|Any CPU
		{EA8936C9-44C3-4766-A515-E75A12B7F2C1}.Release|Any CPU.Build.0 = Release|Any CPU
		{ABE20997-E74F-4141-8C90-998C829D8460}.Debug|Any CPU.ActiveCfg = Debug|Any CPU
		{ABE20997-E74F-4141-8C90-998C829D8460}.Debug|Any CPU.Build.0 = Debug|Any CPU
		{ABE20997-E74F-4141-8C90-998C829D8460}.Release|Any CPU.ActiveCfg = Release|Any CPU
		{ABE20997-E74F-4141-8C90-998C829D8460}.Release|Any CPU.Build.0 = Release|Any CPU
		{4E7FB470-DE50-4F84-A919-9B305A7CE6C1}.Debug|Any CPU.ActiveCfg = Debug|Any CPU
		{4E7FB470-DE50-4F84-A919-9B305A7CE6C1}.Debug|Any CPU.Build.0 = Debug|Any CPU
		{4E7FB470-DE50-4F84-A919-9B305A7CE6C1}.Release|Any CPU.ActiveCfg = Release|Any CPU
		{4E7FB470-DE50-4F84-A919-9B305A7CE6C1}.Release|Any CPU.Build.0 = Release|Any CPU
	EndGlobalSection
	GlobalSection(SolutionProperties) = preSolution
		HideSolutionNode = FALSE
	EndGlobalSection
EndGlobal
